
Microsoft Visual Studio Solution File, Format Version 12.00
# Visual Studio Version 17
VisualStudioVersion = 17.4.33122.133
MinimumVisualStudioVersion = 10.0.40219.1
Project("{FAE04EC0-301F-11D3-BF4B-00C04F79EFBC}") = "psggConverter", "psggConverter\psggConverter.csproj", "{3C47E8C4-12E1-4C8D-A7FC-BDCFDAABCEC3}"
	ProjectSection(ProjectDependencies) = postProject
		{F676398C-8891-4B8B-85DD-F5D98E35FE7E} = {F676398C-8891-4B8B-85DD-F5D98E35FE7E}
	EndProjectSection
EndProject
Project("{FAE04EC0-301F-11D3-BF4B-00C04F79EFBC}") = "psggConverterLib", "psggConverterLib\psggConverterLib.csproj", "{F676398C-8891-4B8B-85DD-F5D98E35FE7E}"
EndProject
Project("{2150E333-8FDC-42A3-9474-1A3956D46DE8}") = "batch", "batch", "{32E3B91A-CB28-4973-84CA-BDE892EF381A}"
	ProjectSection(SolutionItems) = preProject
		copydlltoInstallpath.bat = copydlltoInstallpath.bat
		copyreleaseToPgdir.bat = copyreleaseToPgdir.bat
	EndProjectSection
EndProject
Global
	GlobalSection(SolutionConfigurationPlatforms) = preSolution
		Debug|Any CPU = Debug|Any CPU
		Release|Any CPU = Release|Any CPU
	EndGlobalSection
	GlobalSection(ProjectConfigurationPlatforms) = postSolution
		{3C47E8C4-12E1-4C8D-A7FC-BDCFDAABCEC3}.Debug|Any CPU.ActiveCfg = Debug|Any CPU
		{3C47E8C4-12E1-4C8D-A7FC-BDCFDAABCEC3}.Debug|Any CPU.Build.0 = Debug|Any CPU
		{3C47E8C4-12E1-4C8D-A7FC-BDCFDAABCEC3}.Release|Any CPU.ActiveCfg = Release|Any CPU
		{3C47E8C4-12E1-4C8D-A7FC-BDCFDAABCEC3}.Release|Any CPU.Build.0 = Release|Any CPU
		{F676398C-8891-4B8B-85DD-F5D98E35FE7E}.Debug|Any CPU.ActiveCfg = Debug|Any CPU
		{F676398C-8891-4B8B-85DD-F5D98E35FE7E}.Debug|Any CPU.Build.0 = Debug|Any CPU
		{F676398C-8891-4B8B-85DD-F5D98E35FE7E}.Release|Any CPU.ActiveCfg = Release|Any CPU
		{F676398C-8891-4B8B-85DD-F5D98E35FE7E}.Release|Any CPU.Build.0 = Release|Any CPU
	EndGlobalSection
	GlobalSection(SolutionProperties) = preSolution
		HideSolutionNode = FALSE
	EndGlobalSection
	GlobalSection(ExtensibilityGlobals) = postSolution
		SolutionGuid = {5E34DCAD-56FB-4B53-B6CA-033EABD824F1}
	EndGlobalSection
EndGlobal
