
Microsoft Visual Studio Solution File, Format Version 12.00
# Visual Studio 14
VisualStudioVersion = 14.0.25420.1
MinimumVisualStudioVersion = 10.0.40219.1
Project("{FAE04EC0-301F-11D3-BF4B-00C04F79EFBC}") = "StateViewer", "StateViewer\StateViewer.csproj", "{C11F5434-E025-4DFD-847F-2221DEAC1C2D}"
	ProjectSection(ProjectDependencies) = postProject
		{69E6AF0C-0411-45AA-8C7F-D78C8D74228A} = {69E6AF0C-0411-45AA-8C7F-D78C8D74228A}
		{F7D96F31-4D18-49C4-BFA4-DB24FC1072A0} = {F7D96F31-4D18-49C4-BFA4-DB24FC1072A0}
		{205DE666-76FC-426B-992A-849BBF2B6357} = {205DE666-76FC-426B-992A-849BBF2B6357}
	EndProjectSection
EndProject
Project("{FAE04EC0-301F-11D3-BF4B-00C04F79EFBC}") = "stateview", "..\stateview\stateview\stateview.csproj", "{69E6AF0C-0411-45AA-8C7F-D78C8D74228A}"
	ProjectSection(ProjectDependencies) = postProject
		{F7D96F31-4D18-49C4-BFA4-DB24FC1072A0} = {F7D96F31-4D18-49C4-BFA4-DB24FC1072A0}
		{F598B7FE-E429-462A-AFEE-8A1800407AFF} = {F598B7FE-E429-462A-AFEE-8A1800407AFF}
	EndProjectSection
EndProject
Project("{FAE04EC0-301F-11D3-BF4B-00C04F79EFBC}") = "StateViewer_starter2", "StateViewer_starter2\StateViewer_starter2.csproj", "{F598B7FE-E429-462A-AFEE-8A1800407AFF}"
	ProjectSection(ProjectDependencies) = postProject
		{F7D96F31-4D18-49C4-BFA4-DB24FC1072A0} = {F7D96F31-4D18-49C4-BFA4-DB24FC1072A0}
	EndProjectSection
EndProject
Project("{FAE04EC0-301F-11D3-BF4B-00C04F79EFBC}") = "WordStorage", "WordStorage\WordStorage.csproj", "{205DE666-76FC-426B-992A-849BBF2B6357}"
	ProjectSection(ProjectDependencies) = postProject
		{F7D96F31-4D18-49C4-BFA4-DB24FC1072A0} = {F7D96F31-4D18-49C4-BFA4-DB24FC1072A0}
	EndProjectSection
EndProject
Project("{FAE04EC0-301F-11D3-BF4B-00C04F79EFBC}") = "StateViwer_version", "StateViwer_version\StateViwer_version.csproj", "{F7D96F31-4D18-49C4-BFA4-DB24FC1072A0}"
EndProject
Global
	GlobalSection(SolutionConfigurationPlatforms) = preSolution
		Debug|Any CPU = Debug|Any CPU
		Debug|x64 = Debug|x64
		Debug|x86 = Debug|x86
		Release|Any CPU = Release|Any CPU
		Release|x64 = Release|x64
		Release|x86 = Release|x86
	EndGlobalSection
	GlobalSection(ProjectConfigurationPlatforms) = postSolution
		{C11F5434-E025-4DFD-847F-2221DEAC1C2D}.Debug|Any CPU.ActiveCfg = Debug|Any CPU
		{C11F5434-E025-4DFD-847F-2221DEAC1C2D}.Debug|Any CPU.Build.0 = Debug|Any CPU
		{C11F5434-E025-4DFD-847F-2221DEAC1C2D}.Debug|x64.ActiveCfg = Debug|Any CPU
		{C11F5434-E025-4DFD-847F-2221DEAC1C2D}.Debug|x64.Build.0 = Debug|Any CPU
		{C11F5434-E025-4DFD-847F-2221DEAC1C2D}.Debug|x86.ActiveCfg = Debug|Any CPU
		{C11F5434-E025-4DFD-847F-2221DEAC1C2D}.Debug|x86.Build.0 = Debug|Any CPU
		{C11F5434-E025-4DFD-847F-2221DEAC1C2D}.Release|Any CPU.ActiveCfg = Release|Any CPU
		{C11F5434-E025-4DFD-847F-2221DEAC1C2D}.Release|Any CPU.Build.0 = Release|Any CPU
		{C11F5434-E025-4DFD-847F-2221DEAC1C2D}.Release|x64.ActiveCfg = Release|Any CPU
		{C11F5434-E025-4DFD-847F-2221DEAC1C2D}.Release|x64.Build.0 = Release|Any CPU
		{C11F5434-E025-4DFD-847F-2221DEAC1C2D}.Release|x86.ActiveCfg = Release|Any CPU
		{C11F5434-E025-4DFD-847F-2221DEAC1C2D}.Release|x86.Build.0 = Release|Any CPU
		{69E6AF0C-0411-45AA-8C7F-D78C8D74228A}.Debug|Any CPU.ActiveCfg = Debug|Any CPU
		{69E6AF0C-0411-45AA-8C7F-D78C8D74228A}.Debug|Any CPU.Build.0 = Debug|Any CPU
		{69E6AF0C-0411-45AA-8C7F-D78C8D74228A}.Debug|x64.ActiveCfg = Debug|Any CPU
		{69E6AF0C-0411-45AA-8C7F-D78C8D74228A}.Debug|x64.Build.0 = Debug|Any CPU
		{69E6AF0C-0411-45AA-8C7F-D78C8D74228A}.Debug|x86.ActiveCfg = Debug|Any CPU
		{69E6AF0C-0411-45AA-8C7F-D78C8D74228A}.Debug|x86.Build.0 = Debug|Any CPU
		{69E6AF0C-0411-45AA-8C7F-D78C8D74228A}.Release|Any CPU.ActiveCfg = Release|Any CPU
		{69E6AF0C-0411-45AA-8C7F-D78C8D74228A}.Release|Any CPU.Build.0 = Release|Any CPU
		{69E6AF0C-0411-45AA-8C7F-D78C8D74228A}.Release|x64.ActiveCfg = Release|Any CPU
		{69E6AF0C-0411-45AA-8C7F-D78C8D74228A}.Release|x64.Build.0 = Release|Any CPU
		{69E6AF0C-0411-45AA-8C7F-D78C8D74228A}.Release|x86.ActiveCfg = Release|Any CPU
		{69E6AF0C-0411-45AA-8C7F-D78C8D74228A}.Release|x86.Build.0 = Release|Any CPU
		{F598B7FE-E429-462A-AFEE-8A1800407AFF}.Debug|Any CPU.ActiveCfg = Debug|Any CPU
		{F598B7FE-E429-462A-AFEE-8A1800407AFF}.Debug|Any CPU.Build.0 = Debug|Any CPU
		{F598B7FE-E429-462A-AFEE-8A1800407AFF}.Debug|x64.ActiveCfg = Debug|Any CPU
		{F598B7FE-E429-462A-AFEE-8A1800407AFF}.Debug|x64.Build.0 = Debug|Any CPU
		{F598B7FE-E429-462A-AFEE-8A1800407AFF}.Debug|x86.ActiveCfg = Debug|Any CPU
		{F598B7FE-E429-462A-AFEE-8A1800407AFF}.Debug|x86.Build.0 = Debug|Any CPU
		{F598B7FE-E429-462A-AFEE-8A1800407AFF}.Release|Any CPU.ActiveCfg = Release|Any CPU
		{F598B7FE-E429-462A-AFEE-8A1800407AFF}.Release|Any CPU.Build.0 = Release|Any CPU
		{F598B7FE-E429-462A-AFEE-8A1800407AFF}.Release|x64.ActiveCfg = Release|Any CPU
		{F598B7FE-E429-462A-AFEE-8A1800407AFF}.Release|x64.Build.0 = Release|Any CPU
		{F598B7FE-E429-462A-AFEE-8A1800407AFF}.Release|x86.ActiveCfg = Release|Any CPU
		{F598B7FE-E429-462A-AFEE-8A1800407AFF}.Release|x86.Build.0 = Release|Any CPU
		{205DE666-76FC-426B-992A-849BBF2B6357}.Debug|Any CPU.ActiveCfg = Debug|Any CPU
		{205DE666-76FC-426B-992A-849BBF2B6357}.Debug|Any CPU.Build.0 = Debug|Any CPU
		{205DE666-76FC-426B-992A-849BBF2B6357}.Debug|x64.ActiveCfg = Debug|Any CPU
		{205DE666-76FC-426B-992A-849BBF2B6357}.Debug|x64.Build.0 = Debug|Any CPU
		{205DE666-76FC-426B-992A-849BBF2B6357}.Debug|x86.ActiveCfg = Debug|Any CPU
		{205DE666-76FC-426B-992A-849BBF2B6357}.Debug|x86.Build.0 = Debug|Any CPU
		{205DE666-76FC-426B-992A-849BBF2B6357}.Release|Any CPU.ActiveCfg = Release|Any CPU
		{205DE666-76FC-426B-992A-849BBF2B6357}.Release|Any CPU.Build.0 = Release|Any CPU
		{205DE666-76FC-426B-992A-849BBF2B6357}.Release|x64.ActiveCfg = Release|Any CPU
		{205DE666-76FC-426B-992A-849BBF2B6357}.Release|x64.Build.0 = Release|Any CPU
		{205DE666-76FC-426B-992A-849BBF2B6357}.Release|x86.ActiveCfg = Release|Any CPU
		{205DE666-76FC-426B-992A-849BBF2B6357}.Release|x86.Build.0 = Release|Any CPU
		{F7D96F31-4D18-49C4-BFA4-DB24FC1072A0}.Debug|Any CPU.ActiveCfg = Debug|Any CPU
		{F7D96F31-4D18-49C4-BFA4-DB24FC1072A0}.Debug|Any CPU.Build.0 = Debug|Any CPU
		{F7D96F31-4D18-49C4-BFA4-DB24FC1072A0}.Debug|x64.ActiveCfg = Debug|Any CPU
		{F7D96F31-4D18-49C4-BFA4-DB24FC1072A0}.Debug|x64.Build.0 = Debug|Any CPU
		{F7D96F31-4D18-49C4-BFA4-DB24FC1072A0}.Debug|x86.ActiveCfg = Debug|Any CPU
		{F7D96F31-4D18-49C4-BFA4-DB24FC1072A0}.Debug|x86.Build.0 = Debug|Any CPU
		{F7D96F31-4D18-49C4-BFA4-DB24FC1072A0}.Release|Any CPU.ActiveCfg = Release|Any CPU
		{F7D96F31-4D18-49C4-BFA4-DB24FC1072A0}.Release|Any CPU.Build.0 = Release|Any CPU
		{F7D96F31-4D18-49C4-BFA4-DB24FC1072A0}.Release|x64.ActiveCfg = Release|Any CPU
		{F7D96F31-4D18-49C4-BFA4-DB24FC1072A0}.Release|x64.Build.0 = Release|Any CPU
		{F7D96F31-4D18-49C4-BFA4-DB24FC1072A0}.Release|x86.ActiveCfg = Release|Any CPU
		{F7D96F31-4D18-49C4-BFA4-DB24FC1072A0}.Release|x86.Build.0 = Release|Any CPU
	EndGlobalSection
	GlobalSection(SolutionProperties) = preSolution
		HideSolutionNode = FALSE
	EndGlobalSection
EndGlobal
