
Microsoft Visual Studio Solution File, Format Version 12.00
# Visual Studio Version 17
VisualStudioVersion = 17.14.36408.4 d17.14
MinimumVisualStudioVersion = 10.0.40219.1
Project("{FAE04EC0-301F-11D3-BF4B-00C04F79EFBC}") = "GeminiTest", "GeminiTest.csproj", "{29D38D4D-6671-4E70-B7BB-1079E59396AE}"
EndProject
Global
	GlobalSection(SolutionConfigurationPlatforms) = preSolution
		Debug|Any CPU = Debug|Any CPU
		Release|Any CPU = Release|Any CPU
	EndGlobalSection
	GlobalSection(ProjectConfigurationPlatforms) = postSolution
		{29D38D4D-6671-4E70-B7BB-1079E59396AE}.Debug|Any CPU.ActiveCfg = Debug|Any CPU
		{29D38D4D-6671-4E70-B7BB-1079E59396AE}.Debug|Any CPU.Build.0 = Debug|Any CPU
		{29D38D4D-6671-4E70-B7BB-1079E59396AE}.Release|Any CPU.ActiveCfg = Release|Any CPU
		{29D38D4D-6671-4E70-B7BB-1079E59396AE}.Release|Any CPU.Build.0 = Release|Any CPU
	EndGlobalSection
	GlobalSection(SolutionProperties) = preSolution
		HideSolutionNode = FALSE
	EndGlobalSection
	GlobalSection(ExtensibilityGlobals) = postSolution
		SolutionGuid = {C598AFD7-BA40-4FA7-88DB-ABEF705DF44B}
	EndGlobalSection
EndGlobal
